// !$*UTF8*$!
{
	archiveVersion = 1;
	classes = {
	};
	objectVersion = 46;
	objects = {

/* Begin PBXBuildFile section */
		9616C3011C44DFAB00739ECB /* LaunchScreen.storyboard in Resources */ = {isa = PBXBuildFile; fileRef = 9616C2FF1C44DFAB00739ECB /* LaunchScreen.storyboard */; };
		969393D31C35142400FE8D36 /* AlertViewController.m in Sources */ = {isa = PBXBuildFile; fileRef = 969393D21C35142400FE8D36 /* AlertViewController.m */; };
		969EDD361C291ECF00950F0B /* SearchViewController.m in Sources */ = {isa = PBXBuildFile; fileRef = 969EDD351C291ECF00950F0B /* SearchViewController.m */; };
		969EDD3A1C291EF100950F0B /* SetViewController.m in Sources */ = {isa = PBXBuildFile; fileRef = 969EDD391C291EF100950F0B /* SetViewController.m */; };
		96C13EAC1C5317ED00C649A0 /* launch_ipad@1x.png in Resources */ = {isa = PBXBuildFile; fileRef = 96C13EA41C5317ED00C649A0 /* launch_ipad@1x.png */; };
		96C13EAD1C5317ED00C649A0 /* launch_ipad@2x.png in Resources */ = {isa = PBXBuildFile; fileRef = 96C13EA51C5317ED00C649A0 /* launch_ipad@2x.png */; };
		96C13EAE1C5317ED00C649A0 /* launch_ipad2@1x.png in Resources */ = {isa = PBXBuildFile; fileRef = 96C13EA61C5317ED00C649A0 /* launch_ipad2@1x.png */; };
		96C13EAF1C5317ED00C649A0 /* launch_ipad2@2x.png in Resources */ = {isa = PBXBuildFile; fileRef = 96C13EA71C5317ED00C649A0 /* launch_ipad2@2x.png */; };
		96C13EB01C5317ED00C649A0 /* launch_L@2x.png in Resources */ = {isa = PBXBuildFile; fileRef = 96C13EA81C5317ED00C649A0 /* launch_L@2x.png */; };
		96C13EB11C5317ED00C649A0 /* launch_L@3x.png in Resources */ = {isa = PBXBuildFile; fileRef = 96C13EA91C5317ED00C649A0 /* launch_L@3x.png */; };
		96C13EB21C5317ED00C649A0 /* launchP@2x.png in Resources */ = {isa = PBXBuildFile; fileRef = 96C13EAA1C5317ED00C649A0 /* launchP@2x.png */; };
		96C13EB31C5317ED00C649A0 /* launchP@3x.png in Resources */ = {isa = PBXBuildFile; fileRef = 96C13EAB1C5317ED00C649A0 /* launchP@3x.png */; };
		A9F602CA1BCCE4E10008B52D /* main.m in Sources */ = {isa = PBXBuildFile; fileRef = A9F602C91BCCE4E10008B52D /* main.m */; };
		A9F602CD1BCCE4E10008B52D /* AppDelegate.m in Sources */ = {isa = PBXBuildFile; fileRef = A9F602CC1BCCE4E10008B52D /* AppDelegate.m */; };
		A9F602D01BCCE4E10008B52D /* ViewController.m in Sources */ = {isa = PBXBuildFile; fileRef = A9F602CF1BCCE4E10008B52D /* ViewController.m */; };
		A9F602D31BCCE4E10008B52D /* Main.storyboard in Resources */ = {isa = PBXBuildFile; fileRef = A9F602D11BCCE4E10008B52D /* Main.storyboard */; };
		A9F602D61BCCE4E10008B52D /* iTag.xcdatamodeld in Sources */ = {isa = PBXBuildFile; fileRef = A9F602D41BCCE4E10008B52D /* iTag.xcdatamodeld */; };
		A9F602D81BCCE4E10008B52D /* Assets.xcassets in Resources */ = {isa = PBXBuildFile; fileRef = A9F602D71BCCE4E10008B52D /* Assets.xcassets */; };
		A9F602E61BCCE4E10008B52D /* iTagTests.m in Sources */ = {isa = PBXBuildFile; fileRef = A9F602E51BCCE4E10008B52D /* iTagTests.m */; };
		A9F602F11BCCE4E10008B52D /* iTagUITests.m in Sources */ = {isa = PBXBuildFile; fileRef = A9F602F01BCCE4E10008B52D /* iTagUITests.m */; };
		A9F603151BCCEFA40008B52D /* VCardViewController.m in Sources */ = {isa = PBXBuildFile; fileRef = A9F603081BCCEFA40008B52D /* VCardViewController.m */; };
		A9F603161BCCEFA40008B52D /* NFCDoorAccessViewController.m in Sources */ = {isa = PBXBuildFile; fileRef = A9F6030B1BCCEFA40008B52D /* NFCDoorAccessViewController.m */; };
		A9F604981BCCFCAC0008B52D /* CameraPreview.m in Sources */ = {isa = PBXBuildFile; fileRef = A9F604951BCCFCAC0008B52D /* CameraPreview.m */; };
		A9F604991BCCFCAC0008B52D /* CameraViewController.m in Sources */ = {isa = PBXBuildFile; fileRef = A9F604971BCCFCAC0008B52D /* CameraViewController.m */; };
		A9F604A01BCCFEFE0008B52D /* SmcGATT.m in Sources */ = {isa = PBXBuildFile; fileRef = A9F6049F1BCCFEFE0008B52D /* SmcGATT.m */; };
		A9F604A41BCD00C50008B52D /* ScanViewController.m in Sources */ = {isa = PBXBuildFile; fileRef = A9F604A31BCD00C50008B52D /* ScanViewController.m */; };
		A9FE4FE61C213ACF00741C84 /* libBleController.a in Frameworks */ = {isa = PBXBuildFile; fileRef = A9FE4FE51C213ACF00741C84 /* libBleController.a */; };
/* End PBXBuildFile section */

/* Begin PBXContainerItemProxy section */
		A9F602E21BCCE4E10008B52D /* PBXContainerItemProxy */ = {
			isa = PBXContainerItemProxy;
			containerPortal = A9F602BD1BCCE4E10008B52D /* Project object */;
			proxyType = 1;
			remoteGlobalIDString = A9F602C41BCCE4E10008B52D;
			remoteInfo = iTag;
		};
		A9F602ED1BCCE4E10008B52D /* PBXContainerItemProxy */ = {
			isa = PBXContainerItemProxy;
			containerPortal = A9F602BD1BCCE4E10008B52D /* Project object */;
			proxyType = 1;
			remoteGlobalIDString = A9F602C41BCCE4E10008B52D;
			remoteInfo = iTag;
		};
/* End PBXContainerItemProxy section */

/* Begin PBXFileReference section */
		9616C3001C44DFAB00739ECB /* Base */ = {isa = PBXFileReference; lastKnownFileType = file.storyboard; name = Base; path = Base.lproj/LaunchScreen.storyboard; sourceTree = "<group>"; };
		969393D11C35141B00FE8D36 /* AlertViewController.h */ = {isa = PBXFileReference; fileEncoding = 4; lastKnownFileType = sourcecode.c.h; name = AlertViewController.h; path = Alert/AlertViewController.h; sourceTree = "<group>"; };
		969393D21C35142400FE8D36 /* AlertViewController.m */ = {isa = PBXFileReference; fileEncoding = 4; lastKnownFileType = sourcecode.c.objc; name = AlertViewController.m; path = Alert/AlertViewController.m; sourceTree = "<group>"; };
		969EDD341C291ECF00950F0B /* SearchViewController.h */ = {isa = PBXFileReference; fileEncoding = 4; lastKnownFileType = sourcecode.c.h; name = SearchViewController.h; path = Search/SearchViewController.h; sourceTree = "<group>"; };
		969EDD351C291ECF00950F0B /* SearchViewController.m */ = {isa = PBXFileReference; fileEncoding = 4; lastKnownFileType = sourcecode.c.objc; name = SearchViewController.m; path = Search/SearchViewController.m; sourceTree = "<group>"; };
		969EDD381C291EF100950F0B /* SetViewController.h */ = {isa = PBXFileReference; fileEncoding = 4; lastKnownFileType = sourcecode.c.h; name = SetViewController.h; path = Set/SetViewController.h; sourceTree = "<group>"; };
		969EDD391C291EF100950F0B /* SetViewController.m */ = {isa = PBXFileReference; fileEncoding = 4; lastKnownFileType = sourcecode.c.objc; name = SetViewController.m; path = Set/SetViewController.m; sourceTree = "<group>"; };
		96C13EA41C5317ED00C649A0 /* launch_ipad@1x.png */ = {isa = PBXFileReference; lastKnownFileType = image.png; name = "launch_ipad@1x.png"; path = "launch/launch_ipad@1x.png"; sourceTree = "<group>"; };
		96C13EA51C5317ED00C649A0 /* launch_ipad@2x.png */ = {isa = PBXFileReference; lastKnownFileType = image.png; name = "launch_ipad@2x.png"; path = "launch/launch_ipad@2x.png"; sourceTree = "<group>"; };
		96C13EA61C5317ED00C649A0 /* launch_ipad2@1x.png */ = {isa = PBXFileReference; lastKnownFileType = image.png; name = "launch_ipad2@1x.png"; path = "launch/launch_ipad2@1x.png"; sourceTree = "<group>"; };
		96C13EA71C5317ED00C649A0 /* launch_ipad2@2x.png */ = {isa = PBXFileReference; lastKnownFileType = image.png; name = "launch_ipad2@2x.png"; path = "launch/launch_ipad2@2x.png"; sourceTree = "<group>"; };
		96C13EA81C5317ED00C649A0 /* launch_L@2x.png */ = {isa = PBXFileReference; lastKnownFileType = image.png; name = "launch_L@2x.png"; path = "launch/launch_L@2x.png"; sourceTree = "<group>"; };
		96C13EA91C5317ED00C649A0 /* launch_L@3x.png */ = {isa = PBXFileReference; lastKnownFileType = image.png; name = "launch_L@3x.png"; path = "launch/launch_L@3x.png"; sourceTree = "<group>"; };
		96C13EAA1C5317ED00C649A0 /* launchP@2x.png */ = {isa = PBXFileReference; lastKnownFileType = image.png; name = "launchP@2x.png"; path = "launch/launchP@2x.png"; sourceTree = "<group>"; };
		96C13EAB1C5317ED00C649A0 /* launchP@3x.png */ = {isa = PBXFileReference; lastKnownFileType = image.png; name = "launchP@3x.png"; path = "launch/launchP@3x.png"; sourceTree = "<group>"; };
		A9348B2B1BCDEB000073991F /* BleController.h */ = {isa = PBXFileReference; fileEncoding = 4; lastKnownFileType = sourcecode.c.h; path = BleController.h; sourceTree = "<group>"; };
		A9F602C51BCCE4E10008B52D /* iTag.app */ = {isa = PBXFileReference; explicitFileType = wrapper.application; includeInIndex = 0; path = iTag.app; sourceTree = BUILT_PRODUCTS_DIR; };
		A9F602C91BCCE4E10008B52D /* main.m */ = {isa = PBXFileReference; lastKnownFileType = sourcecode.c.objc; path = main.m; sourceTree = "<group>"; };
		A9F602CB1BCCE4E10008B52D /* AppDelegate.h */ = {isa = PBXFileReference; lastKnownFileType = sourcecode.c.h; path = AppDelegate.h; sourceTree = "<group>"; };
		A9F602CC1BCCE4E10008B52D /* AppDelegate.m */ = {isa = PBXFileReference; lastKnownFileType = sourcecode.c.objc; path = AppDelegate.m; sourceTree = "<group>"; };
		A9F602CE1BCCE4E10008B52D /* ViewController.h */ = {isa = PBXFileReference; lastKnownFileType = sourcecode.c.h; path = ViewController.h; sourceTree = "<group>"; };
		A9F602CF1BCCE4E10008B52D /* ViewController.m */ = {isa = PBXFileReference; lastKnownFileType = sourcecode.c.objc; path = ViewController.m; sourceTree = "<group>"; };
		A9F602D21BCCE4E10008B52D /* Base */ = {isa = PBXFileReference; lastKnownFileType = file.storyboard; name = Base; path = Base.lproj/Main.storyboard; sourceTree = "<group>"; };
		A9F602D51BCCE4E10008B52D /* iTag.xcdatamodel */ = {isa = PBXFileReference; lastKnownFileType = wrapper.xcdatamodel; path = iTag.xcdatamodel; sourceTree = "<group>"; };
		A9F602D71BCCE4E10008B52D /* Assets.xcassets */ = {isa = PBXFileReference; lastKnownFileType = folder.assetcatalog; path = Assets.xcassets; sourceTree = "<group>"; };
		A9F602DC1BCCE4E10008B52D /* Info.plist */ = {isa = PBXFileReference; lastKnownFileType = text.plist.xml; path = Info.plist; sourceTree = "<group>"; };
		A9F602E11BCCE4E10008B52D /* iTagTests.xctest */ = {isa = PBXFileReference; explicitFileType = wrapper.cfbundle; includeInIndex = 0; path = iTagTests.xctest; sourceTree = BUILT_PRODUCTS_DIR; };
		A9F602E51BCCE4E10008B52D /* iTagTests.m */ = {isa = PBXFileReference; lastKnownFileType = sourcecode.c.objc; path = iTagTests.m; sourceTree = "<group>"; };
		A9F602E71BCCE4E10008B52D /* Info.plist */ = {isa = PBXFileReference; lastKnownFileType = text.plist.xml; path = Info.plist; sourceTree = "<group>"; };
		A9F602EC1BCCE4E10008B52D /* iTagUITests.xctest */ = {isa = PBXFileReference; explicitFileType = wrapper.cfbundle; includeInIndex = 0; path = iTagUITests.xctest; sourceTree = BUILT_PRODUCTS_DIR; };
		A9F602F01BCCE4E10008B52D /* iTagUITests.m */ = {isa = PBXFileReference; lastKnownFileType = sourcecode.c.objc; path = iTagUITests.m; sourceTree = "<group>"; };
		A9F602F21BCCE4E10008B52D /* Info.plist */ = {isa = PBXFileReference; lastKnownFileType = text.plist.xml; path = Info.plist; sourceTree = "<group>"; };
		A9F603071BCCEFA40008B52D /* VCardViewController.h */ = {isa = PBXFileReference; fileEncoding = 4; lastKnownFileType = sourcecode.c.h; path = VCardViewController.h; sourceTree = "<group>"; };
		A9F603081BCCEFA40008B52D /* VCardViewController.m */ = {isa = PBXFileReference; fileEncoding = 4; lastKnownFileType = sourcecode.c.objc; path = VCardViewController.m; sourceTree = "<group>"; };
		A9F6030A1BCCEFA40008B52D /* NFCDoorAccessViewController.h */ = {isa = PBXFileReference; fileEncoding = 4; lastKnownFileType = sourcecode.c.h; path = NFCDoorAccessViewController.h; sourceTree = "<group>"; };
		A9F6030B1BCCEFA40008B52D /* NFCDoorAccessViewController.m */ = {isa = PBXFileReference; fileEncoding = 4; lastKnownFileType = sourcecode.c.objc; path = NFCDoorAccessViewController.m; sourceTree = "<group>"; };
		A9F604941BCCFCAC0008B52D /* CameraPreview.h */ = {isa = PBXFileReference; fileEncoding = 4; lastKnownFileType = sourcecode.c.h; path = CameraPreview.h; sourceTree = "<group>"; };
		A9F604951BCCFCAC0008B52D /* CameraPreview.m */ = {isa = PBXFileReference; fileEncoding = 4; lastKnownFileType = sourcecode.c.objc; path = CameraPreview.m; sourceTree = "<group>"; };
		A9F604961BCCFCAC0008B52D /* CameraViewController.h */ = {isa = PBXFileReference; fileEncoding = 4; lastKnownFileType = sourcecode.c.h; path = CameraViewController.h; sourceTree = "<group>"; };
		A9F604971BCCFCAC0008B52D /* CameraViewController.m */ = {isa = PBXFileReference; fileEncoding = 4; lastKnownFileType = sourcecode.c.objc; path = CameraViewController.m; sourceTree = "<group>"; };
		A9F6049E1BCCFEFE0008B52D /* SmcGATT.h */ = {isa = PBXFileReference; fileEncoding = 4; lastKnownFileType = sourcecode.c.h; path = SmcGATT.h; sourceTree = "<group>"; };
		A9F6049F1BCCFEFE0008B52D /* SmcGATT.m */ = {isa = PBXFileReference; fileEncoding = 4; lastKnownFileType = sourcecode.c.objc; path = SmcGATT.m; sourceTree = "<group>"; };
		A9F604A21BCD00C50008B52D /* ScanViewController.h */ = {isa = PBXFileReference; fileEncoding = 4; lastKnownFileType = sourcecode.c.h; path = ScanViewController.h; sourceTree = "<group>"; };
		A9F604A31BCD00C50008B52D /* ScanViewController.m */ = {isa = PBXFileReference; fileEncoding = 4; lastKnownFileType = sourcecode.c.objc; path = ScanViewController.m; sourceTree = "<group>"; };
		A9FE4FE51C213ACF00741C84 /* libBleController.a */ = {isa = PBXFileReference; lastKnownFileType = archive.ar; path = libBleController.a; sourceTree = "<group>"; };
/* End PBXFileReference section */

/* Begin PBXFrameworksBuildPhase section */
		A9F602C21BCCE4E10008B52D /* Frameworks */ = {
			isa = PBXFrameworksBuildPhase;
			buildActionMask = 2147483647;
			files = (
				A9FE4FE61C213ACF00741C84 /* libBleController.a in Frameworks */,
			);
			runOnlyForDeploymentPostprocessing = 0;
		};
		A9F602DE1BCCE4E10008B52D /* Frameworks */ = {
			isa = PBXFrameworksBuildPhase;
			buildActionMask = 2147483647;
			files = (
			);
			runOnlyForDeploymentPostprocessing = 0;
		};
		A9F602E91BCCE4E10008B52D /* Frameworks */ = {
			isa = PBXFrameworksBuildPhase;
			buildActionMask = 2147483647;
			files = (
			);
			runOnlyForDeploymentPostprocessing = 0;
		};
/* End PBXFrameworksBuildPhase section */

/* Begin PBXGroup section */
		968C093B1C3CC3A000890966 /* launch */ = {
			isa = PBXGroup;
			children = (
				96C13EA41C5317ED00C649A0 /* launch_ipad@1x.png */,
				96C13EA51C5317ED00C649A0 /* launch_ipad@2x.png */,
				96C13EA61C5317ED00C649A0 /* launch_ipad2@1x.png */,
				96C13EA71C5317ED00C649A0 /* launch_ipad2@2x.png */,
				96C13EA81C5317ED00C649A0 /* launch_L@2x.png */,
				96C13EA91C5317ED00C649A0 /* launch_L@3x.png */,
				96C13EAA1C5317ED00C649A0 /* launchP@2x.png */,
				96C13EAB1C5317ED00C649A0 /* launchP@3x.png */,
			);
			name = launch;
			sourceTree = "<group>";
		};
		969393CD1C35136F00FE8D36 /* Alert */ = {
			isa = PBXGroup;
			children = (
				969393D11C35141B00FE8D36 /* AlertViewController.h */,
				969393D21C35142400FE8D36 /* AlertViewController.m */,
			);
			name = Alert;
			sourceTree = "<group>";
		};
		969EDD301C291E1D00950F0B /* Set */ = {
			isa = PBXGroup;
			children = (
				969EDD381C291EF100950F0B /* SetViewController.h */,
				969EDD391C291EF100950F0B /* SetViewController.m */,
			);
			name = Set;
			sourceTree = "<group>";
		};
		969EDD331C291EC200950F0B /* Search */ = {
			isa = PBXGroup;
			children = (
				969EDD341C291ECF00950F0B /* SearchViewController.h */,
				969EDD351C291ECF00950F0B /* SearchViewController.m */,
			);
			name = Search;
			sourceTree = "<group>";
		};
		A9F602BC1BCCE4E10008B52D = {
			isa = PBXGroup;
			children = (
				A9F602C71BCCE4E10008B52D /* iTag */,
				A9F602E41BCCE4E10008B52D /* iTagTests */,
				A9F602EF1BCCE4E10008B52D /* iTagUITests */,
				A9F602C61BCCE4E10008B52D /* Products */,
			);
			sourceTree = "<group>";
		};
		A9F602C61BCCE4E10008B52D /* Products */ = {
			isa = PBXGroup;
			children = (
				A9F602C51BCCE4E10008B52D /* iTag.app */,
				A9F602E11BCCE4E10008B52D /* iTagTests.xctest */,
				A9F602EC1BCCE4E10008B52D /* iTagUITests.xctest */,
			);
			name = Products;
			sourceTree = "<group>";
		};
		A9F602C71BCCE4E10008B52D /* iTag */ = {
			isa = PBXGroup;
			children = (
				968C093B1C3CC3A000890966 /* launch */,
				969393CD1C35136F00FE8D36 /* Alert */,
				A9F6049D1BCCFEFE0008B52D /* Ble */,
				969EDD301C291E1D00950F0B /* Set */,
				969EDD331C291EC200950F0B /* Search */,
				A9F604A11BCD00C50008B52D /* Scan */,
				A9F604931BCCFCAC0008B52D /* Camara */,
				A9F603061BCCEFA40008B52D /* Vcard */,
				A9F603091BCCEFA40008B52D /* Door */,
				A9F602CB1BCCE4E10008B52D /* AppDelegate.h */,
				A9F602CC1BCCE4E10008B52D /* AppDelegate.m */,
				A9F602CE1BCCE4E10008B52D /* ViewController.h */,
				A9F602CF1BCCE4E10008B52D /* ViewController.m */,
				A9F602D11BCCE4E10008B52D /* Main.storyboard */,
				9616C2FF1C44DFAB00739ECB /* LaunchScreen.storyboard */,
				A9F602D71BCCE4E10008B52D /* Assets.xcassets */,
				A9F602DC1BCCE4E10008B52D /* Info.plist */,
				A9F602D41BCCE4E10008B52D /* iTag.xcdatamodeld */,
				A9F602C81BCCE4E10008B52D /* Supporting Files */,
			);
			path = iTag;
			sourceTree = "<group>";
		};
		A9F602C81BCCE4E10008B52D /* Supporting Files */ = {
			isa = PBXGroup;
			children = (
				A9F602C91BCCE4E10008B52D /* main.m */,
			);
			name = "Supporting Files";
			sourceTree = "<group>";
		};
		A9F602E41BCCE4E10008B52D /* iTagTests */ = {
			isa = PBXGroup;
			children = (
				A9F602E51BCCE4E10008B52D /* iTagTests.m */,
				A9F602E71BCCE4E10008B52D /* Info.plist */,
			);
			path = iTagTests;
			sourceTree = "<group>";
		};
		A9F602EF1BCCE4E10008B52D /* iTagUITests */ = {
			isa = PBXGroup;
			children = (
				A9F602F01BCCE4E10008B52D /* iTagUITests.m */,
				A9F602F21BCCE4E10008B52D /* Info.plist */,
			);
			path = iTagUITests;
			sourceTree = "<group>";
		};
		A9F603061BCCEFA40008B52D /* Vcard */ = {
			isa = PBXGroup;
			children = (
				A9F603071BCCEFA40008B52D /* VCardViewController.h */,
				A9F603081BCCEFA40008B52D /* VCardViewController.m */,
			);
			path = Vcard;
			sourceTree = "<group>";
		};
		A9F603091BCCEFA40008B52D /* Door */ = {
			isa = PBXGroup;
			children = (
				A9F6030A1BCCEFA40008B52D /* NFCDoorAccessViewController.h */,
				A9F6030B1BCCEFA40008B52D /* NFCDoorAccessViewController.m */,
			);
			path = Door;
			sourceTree = "<group>";
		};
		A9F604931BCCFCAC0008B52D /* Camara */ = {
			isa = PBXGroup;
			children = (
				A9F604941BCCFCAC0008B52D /* CameraPreview.h */,
				A9F604951BCCFCAC0008B52D /* CameraPreview.m */,
				A9F604961BCCFCAC0008B52D /* CameraViewController.h */,
				A9F604971BCCFCAC0008B52D /* CameraViewController.m */,
			);
			path = Camara;
			sourceTree = "<group>";
		};
		A9F6049D1BCCFEFE0008B52D /* Ble */ = {
			isa = PBXGroup;
			children = (
				A9FE4FE51C213ACF00741C84 /* libBleController.a */,
				A9348B2B1BCDEB000073991F /* BleController.h */,
				A9F6049E1BCCFEFE0008B52D /* SmcGATT.h */,
				A9F6049F1BCCFEFE0008B52D /* SmcGATT.m */,
			);
			path = Ble;
			sourceTree = "<group>";
		};
		A9F604A11BCD00C50008B52D /* Scan */ = {
			isa = PBXGroup;
			children = (
				A9F604A21BCD00C50008B52D /* ScanViewController.h */,
				A9F604A31BCD00C50008B52D /* ScanViewController.m */,
			);
			path = Scan;
			sourceTree = "<group>";
		};
/* End PBXGroup section */

/* Begin PBXNativeTarget section */
		A9F602C41BCCE4E10008B52D /* iTag */ = {
			isa = PBXNativeTarget;
			buildConfigurationList = A9F602F51BCCE4E10008B52D /* Build configuration list for PBXNativeTarget "iTag" */;
			buildPhases = (
				A9F602C11BCCE4E10008B52D /* Sources */,
				A9F602C21BCCE4E10008B52D /* Frameworks */,
				A9F602C31BCCE4E10008B52D /* Resources */,
			);
			buildRules = (
			);
			dependencies = (
			);
			name = iTag;
			productName = iTag;
			productReference = A9F602C51BCCE4E10008B52D /* iTag.app */;
			productType = "com.apple.product-type.application";
		};
		A9F602E01BCCE4E10008B52D /* iTagTests */ = {
			isa = PBXNativeTarget;
			buildConfigurationList = A9F602F81BCCE4E10008B52D /* Build configuration list for PBXNativeTarget "iTagTests" */;
			buildPhases = (
				A9F602DD1BCCE4E10008B52D /* Sources */,
				A9F602DE1BCCE4E10008B52D /* Frameworks */,
				A9F602DF1BCCE4E10008B52D /* Resources */,
			);
			buildRules = (
			);
			dependencies = (
				A9F602E31BCCE4E10008B52D /* PBXTargetDependency */,
			);
			name = iTagTests;
			productName = iTagTests;
			productReference = A9F602E11BCCE4E10008B52D /* iTagTests.xctest */;
			productType = "com.apple.product-type.bundle.unit-test";
		};
		A9F602EB1BCCE4E10008B52D /* iTagUITests */ = {
			isa = PBXNativeTarget;
			buildConfigurationList = A9F602FB1BCCE4E10008B52D /* Build configuration list for PBXNativeTarget "iTagUITests" */;
			buildPhases = (
				A9F602E81BCCE4E10008B52D /* Sources */,
				A9F602E91BCCE4E10008B52D /* Frameworks */,
				A9F602EA1BCCE4E10008B52D /* Resources */,
			);
			buildRules = (
			);
			dependencies = (
				A9F602EE1BCCE4E10008B52D /* PBXTargetDependency */,
			);
			name = iTagUITests;
			productName = iTagUITests;
			productReference = A9F602EC1BCCE4E10008B52D /* iTagUITests.xctest */;
			productType = "com.apple.product-type.bundle.ui-testing";
		};
/* End PBXNativeTarget section */

/* Begin PBXProject section */
		A9F602BD1BCCE4E10008B52D /* Project object */ = {
			isa = PBXProject;
			attributes = {
				LastUpgradeCheck = 0700;
				ORGANIZATIONNAME = NFC;
				TargetAttributes = {
					A9F602C41BCCE4E10008B52D = {
						CreatedOnToolsVersion = 7.0.1;
						DevelopmentTeam = 33R478S97D;
					};
					A9F602E01BCCE4E10008B52D = {
						CreatedOnToolsVersion = 7.0.1;
						TestTargetID = A9F602C41BCCE4E10008B52D;
					};
					A9F602EB1BCCE4E10008B52D = {
						CreatedOnToolsVersion = 7.0.1;
						TestTargetID = A9F602C41BCCE4E10008B52D;
					};
				};
			};
			buildConfigurationList = A9F602C01BCCE4E10008B52D /* Build configuration list for PBXProject "iTag" */;
			compatibilityVersion = "Xcode 3.2";
			developmentRegion = English;
			hasScannedForEncodings = 0;
			knownRegions = (
				en,
				Base,
			);
			mainGroup = A9F602BC1BCCE4E10008B52D;
			productRefGroup = A9F602C61BCCE4E10008B52D /* Products */;
			projectDirPath = "";
			projectRoot = "";
			targets = (
				A9F602C41BCCE4E10008B52D /* iTag */,
				A9F602E01BCCE4E10008B52D /* iTagTests */,
				A9F602EB1BCCE4E10008B52D /* iTagUITests */,
			);
		};
/* End PBXProject section */

/* Begin PBXResourcesBuildPhase section */
		A9F602C31BCCE4E10008B52D /* Resources */ = {
			isa = PBXResourcesBuildPhase;
			buildActionMask = 2147483647;
			files = (
				96C13EB11C5317ED00C649A0 /* launch_L@3x.png in Resources */,
				9616C3011C44DFAB00739ECB /* LaunchScreen.storyboard in Resources */,
				A9F602D81BCCE4E10008B52D /* Assets.xcassets in Resources */,
				96C13EB01C5317ED00C649A0 /* launch_L@2x.png in Resources */,
				96C13EB21C5317ED00C649A0 /* launchP@2x.png in Resources */,
				96C13EAF1C5317ED00C649A0 /* launch_ipad2@2x.png in Resources */,
				96C13EAC1C5317ED00C649A0 /* launch_ipad@1x.png in Resources */,
				96C13EAE1C5317ED00C649A0 /* launch_ipad2@1x.png in Resources */,
				96C13EAD1C5317ED00C649A0 /* launch_ipad@2x.png in Resources */,
				A9F602D31BCCE4E10008B52D /* Main.storyboard in Resources */,
				96C13EB31C5317ED00C649A0 /* launchP@3x.png in Resources */,
			);
			runOnlyForDeploymentPostprocessing = 0;
		};
		A9F602DF1BCCE4E10008B52D /* Resources */ = {
			isa = PBXResourcesBuildPhase;
			buildActionMask = 2147483647;
			files = (
			);
			runOnlyForDeploymentPostprocessing = 0;
		};
		A9F602EA1BCCE4E10008B52D /* Resources */ = {
			isa = PBXResourcesBuildPhase;
			buildActionMask = 2147483647;
			files = (
			);
			runOnlyForDeploymentPostprocessing = 0;
		};
/* End PBXResourcesBuildPhase section */

/* Begin PBXSourcesBuildPhase section */
		A9F602C11BCCE4E10008B52D /* Sources */ = {
			isa = PBXSourcesBuildPhase;
			buildActionMask = 2147483647;
			files = (
				A9F602D01BCCE4E10008B52D /* ViewController.m in Sources */,
				A9F604A41BCD00C50008B52D /* ScanViewController.m in Sources */,
				A9F602CD1BCCE4E10008B52D /* AppDelegate.m in Sources */,
				A9F602D61BCCE4E10008B52D /* iTag.xcdatamodeld in Sources */,
				A9F603161BCCEFA40008B52D /* NFCDoorAccessViewController.m in Sources */,
				969EDD3A1C291EF100950F0B /* SetViewController.m in Sources */,
				A9F602CA1BCCE4E10008B52D /* main.m in Sources */,
				A9F604991BCCFCAC0008B52D /* CameraViewController.m in Sources */,
				A9F603151BCCEFA40008B52D /* VCardViewController.m in Sources */,
				969EDD361C291ECF00950F0B /* SearchViewController.m in Sources */,
				A9F604981BCCFCAC0008B52D /* CameraPreview.m in Sources */,
				A9F604A01BCCFEFE0008B52D /* SmcGATT.m in Sources */,
				969393D31C35142400FE8D36 /* AlertViewController.m in Sources */,
			);
			runOnlyForDeploymentPostprocessing = 0;
		};
		A9F602DD1BCCE4E10008B52D /* Sources */ = {
			isa = PBXSourcesBuildPhase;
			buildActionMask = 2147483647;
			files = (
				A9F602E61BCCE4E10008B52D /* iTagTests.m in Sources */,
			);
			runOnlyForDeploymentPostprocessing = 0;
		};
		A9F602E81BCCE4E10008B52D /* Sources */ = {
			isa = PBXSourcesBuildPhase;
			buildActionMask = 2147483647;
			files = (
				A9F602F11BCCE4E10008B52D /* iTagUITests.m in Sources */,
			);
			runOnlyForDeploymentPostprocessing = 0;
		};
/* End PBXSourcesBuildPhase section */

/* Begin PBXTargetDependency section */
		A9F602E31BCCE4E10008B52D /* PBXTargetDependency */ = {
			isa = PBXTargetDependency;
			target = A9F602C41BCCE4E10008B52D /* iTag */;
			targetProxy = A9F602E21BCCE4E10008B52D /* PBXContainerItemProxy */;
		};
		A9F602EE1BCCE4E10008B52D /* PBXTargetDependency */ = {
			isa = PBXTargetDependency;
			target = A9F602C41BCCE4E10008B52D /* iTag */;
			targetProxy = A9F602ED1BCCE4E10008B52D /* PBXContainerItemProxy */;
		};
/* End PBXTargetDependency section */

/* Begin PBXVariantGroup section */
		9616C2FF1C44DFAB00739ECB /* LaunchScreen.storyboard */ = {
			isa = PBXVariantGroup;
			children = (
				9616C3001C44DFAB00739ECB /* Base */,
			);
			name = LaunchScreen.storyboard;
			sourceTree = "<group>";
		};
		A9F602D11BCCE4E10008B52D /* Main.storyboard */ = {
			isa = PBXVariantGroup;
			children = (
				A9F602D21BCCE4E10008B52D /* Base */,
			);
			name = Main.storyboard;
			sourceTree = "<group>";
		};
/* End PBXVariantGroup section */

/* Begin XCBuildConfiguration section */
		A9F602F31BCCE4E10008B52D /* Debug */ = {
			isa = XCBuildConfiguration;
			buildSettings = {
				ALWAYS_SEARCH_USER_PATHS = NO;
				CLANG_CXX_LANGUAGE_STANDARD = "gnu++0x";
				CLANG_CXX_LIBRARY = "libc++";
				CLANG_ENABLE_MODULES = YES;
				CLANG_ENABLE_OBJC_ARC = YES;
				CLANG_WARN_BOOL_CONVERSION = YES;
				CLANG_WARN_CONSTANT_CONVERSION = YES;
				CLANG_WARN_DIRECT_OBJC_ISA_USAGE = YES_ERROR;
				CLANG_WARN_EMPTY_BODY = YES;
				CLANG_WARN_ENUM_CONVERSION = YES;
				CLANG_WARN_INT_CONVERSION = YES;
				CLANG_WARN_OBJC_ROOT_CLASS = YES_ERROR;
				CLANG_WARN_UNREACHABLE_CODE = YES;
				CLANG_WARN__DUPLICATE_METHOD_MATCH = YES;
				CODE_SIGN_IDENTITY = "iPhone Developer: Hao-Yang Tsai (Z6TQH8PJTS)";
				"CODE_SIGN_IDENTITY[sdk=iphoneos*]" = "iPhone Developer: Hao-Yang Tsai (Z6TQH8PJTS)";
				COPY_PHASE_STRIP = NO;
				DEBUG_INFORMATION_FORMAT = dwarf;
				ENABLE_STRICT_OBJC_MSGSEND = YES;
				ENABLE_TESTABILITY = YES;
				GCC_C_LANGUAGE_STANDARD = gnu99;
				GCC_DYNAMIC_NO_PIC = NO;
				GCC_NO_COMMON_BLOCKS = YES;
				GCC_OPTIMIZATION_LEVEL = 0;
				GCC_PREPROCESSOR_DEFINITIONS = (
					"DEBUG=1",
					"$(inherited)",
				);
				GCC_WARN_64_TO_32_BIT_CONVERSION = YES;
				GCC_WARN_ABOUT_RETURN_TYPE = YES_ERROR;
				GCC_WARN_UNDECLARED_SELECTOR = YES;
				GCC_WARN_UNINITIALIZED_AUTOS = YES_AGGRESSIVE;
				GCC_WARN_UNUSED_FUNCTION = YES;
				GCC_WARN_UNUSED_VARIABLE = YES;
				IPHONEOS_DEPLOYMENT_TARGET = 8.4;
				MTL_ENABLE_DEBUG_INFO = YES;
				ONLY_ACTIVE_ARCH = YES;
				SDKROOT = iphoneos;
				TARGETED_DEVICE_FAMILY = "1,2";
			};
			name = Debug;
		};
		A9F602F41BCCE4E10008B52D /* Release */ = {
			isa = XCBuildConfiguration;
			buildSettings = {
				ALWAYS_SEARCH_USER_PATHS = NO;
				CLANG_CXX_LANGUAGE_STANDARD = "gnu++0x";
				CLANG_CXX_LIBRARY = "libc++";
				CLANG_ENABLE_MODULES = YES;
				CLANG_ENABLE_OBJC_ARC = YES;
				CLANG_WARN_BOOL_CONVERSION = YES;
				CLANG_WARN_CONSTANT_CONVERSION = YES;
				CLANG_WARN_DIRECT_OBJC_ISA_USAGE = YES_ERROR;
				CLANG_WARN_EMPTY_BODY = YES;
				CLANG_WARN_ENUM_CONVERSION = YES;
				CLANG_WARN_INT_CONVERSION = YES;
				CLANG_WARN_OBJC_ROOT_CLASS = YES_ERROR;
				CLANG_WARN_UNREACHABLE_CODE = YES;
				CLANG_WARN__DUPLICATE_METHOD_MATCH = YES;
				CODE_SIGN_IDENTITY = "iPhone Developer: Hao-Yang Tsai (Z6TQH8PJTS)";
				"CODE_SIGN_IDENTITY[sdk=iphoneos*]" = "iPhone Developer: Hao-Yang Tsai (Z6TQH8PJTS)";
				COPY_PHASE_STRIP = NO;
				DEBUG_INFORMATION_FORMAT = "dwarf-with-dsym";
				ENABLE_NS_ASSERTIONS = NO;
				ENABLE_STRICT_OBJC_MSGSEND = YES;
				GCC_C_LANGUAGE_STANDARD = gnu99;
				GCC_NO_COMMON_BLOCKS = YES;
				GCC_WARN_64_TO_32_BIT_CONVERSION = YES;
				GCC_WARN_ABOUT_RETURN_TYPE = YES_ERROR;
				GCC_WARN_UNDECLARED_SELECTOR = YES;
				GCC_WARN_UNINITIALIZED_AUTOS = YES_AGGRESSIVE;
				GCC_WARN_UNUSED_FUNCTION = YES;
				GCC_WARN_UNUSED_VARIABLE = YES;
				IPHONEOS_DEPLOYMENT_TARGET = 8.4;
				MTL_ENABLE_DEBUG_INFO = NO;
				SDKROOT = iphoneos;
				TARGETED_DEVICE_FAMILY = "1,2";
				VALIDATE_PRODUCT = YES;
			};
			name = Release;
		};
		A9F602F61BCCE4E10008B52D /* Debug */ = {
			isa = XCBuildConfiguration;
			buildSettings = {
				ASSETCATALOG_COMPILER_APPICON_NAME = AppIcon;
				ASSETCATALOG_COMPILER_LAUNCHIMAGE_NAME = LaunchImage;
				CODE_SIGN_IDENTITY = "iPhone Developer";
				INFOPLIST_FILE = iTag/Info.plist;
				IPHONEOS_DEPLOYMENT_TARGET = 7.0;
				LD_RUNPATH_SEARCH_PATHS = "$(inherited) @executable_path/Frameworks";
				LIBRARY_SEARCH_PATHS = (
					"$(inherited)",
					"$(PROJECT_DIR)/iTag/Ble",
				);
				PRODUCT_BUNDLE_IDENTIFIER = com.ihoin.io;
				PRODUCT_NAME = "$(TARGET_NAME)";
				TARGETED_DEVICE_FAMILY = "1,2";
			};
			name = Debug;
		};
		A9F602F71BCCE4E10008B52D /* Release */ = {
			isa = XCBuildConfiguration;
			buildSettings = {
				ASSETCATALOG_COMPILER_APPICON_NAME = AppIcon;
				ASSETCATALOG_COMPILER_LAUNCHIMAGE_NAME = LaunchImage;
				CODE_SIGN_IDENTITY = "iPhone Developer";
				INFOPLIST_FILE = iTag/Info.plist;
				IPHONEOS_DEPLOYMENT_TARGET = 7.0;
				LD_RUNPATH_SEARCH_PATHS = "$(inherited) @executable_path/Frameworks";
				LIBRARY_SEARCH_PATHS = (
					"$(inherited)",
					"$(PROJECT_DIR)/iTag/Ble",
				);
				PRODUCT_BUNDLE_IDENTIFIER = com.ihoin.io;
				PRODUCT_NAME = "$(TARGET_NAME)";
				TARGETED_DEVICE_FAMILY = "1,2";
			};
			name = Release;
		};
		A9F602F91BCCE4E10008B52D /* Debug */ = {
			isa = XCBuildConfiguration;
			buildSettings = {
				BUNDLE_LOADER = "$(TEST_HOST)";
				INFOPLIST_FILE = iTagTests/Info.plist;
				LD_RUNPATH_SEARCH_PATHS = "$(inherited) @executable_path/Frameworks @loader_path/Frameworks";
				PRODUCT_BUNDLE_IDENTIFIER = NFC.iTagTests;
				PRODUCT_NAME = "$(TARGET_NAME)";
				TEST_HOST = "$(BUILT_PRODUCTS_DIR)/iTag.app/iTag";
			};
			name = Debug;
		};
		A9F602FA1BCCE4E10008B52D /* Release */ = {
			isa = XCBuildConfiguration;
			buildSettings = {
				BUNDLE_LOADER = "$(TEST_HOST)";
				INFOPLIST_FILE = iTagTests/Info.plist;
				LD_RUNPATH_SEARCH_PATHS = "$(inherited) @executable_path/Frameworks @loader_path/Frameworks";
				PRODUCT_BUNDLE_IDENTIFIER = NFC.iTagTests;
				PRODUCT_NAME = "$(TARGET_NAME)";
				TEST_HOST = "$(BUILT_PRODUCTS_DIR)/iTag.app/iTag";
			};
			name = Release;
		};
		A9F602FC1BCCE4E10008B52D /* Debug */ = {
			isa = XCBuildConfiguration;
			buildSettings = {
				INFOPLIST_FILE = iTagUITests/Info.plist;
				LD_RUNPATH_SEARCH_PATHS = "$(inherited) @executable_path/Frameworks @loader_path/Frameworks";
				PRODUCT_BUNDLE_IDENTIFIER = NFC.iTagUITests;
				PRODUCT_NAME = "$(TARGET_NAME)";
				TEST_TARGET_NAME = iTag;
				USES_XCTRUNNER = YES;
			};
			name = Debug;
		};
		A9F602FD1BCCE4E10008B52D /* Release */ = {
			isa = XCBuildConfiguration;
			buildSettings = {
				INFOPLIST_FILE = iTagUITests/Info.plist;
				LD_RUNPATH_SEARCH_PATHS = "$(inherited) @executable_path/Frameworks @loader_path/Frameworks";
				PRODUCT_BUNDLE_IDENTIFIER = NFC.iTagUITests;
				PRODUCT_NAME = "$(TARGET_NAME)";
				TEST_TARGET_NAME = iTag;
				USES_XCTRUNNER = YES;
			};
			name = Release;
		};
/* End XCBuildConfiguration section */

/* Begin XCConfigurationList section */
		A9F602C01BCCE4E10008B52D /* Build configuration list for PBXProject "iTag" */ = {
			isa = XCConfigurationList;
			buildConfigurations = (
				A9F602F31BCCE4E10008B52D /* Debug */,
				A9F602F41BCCE4E10008B52D /* Release */,
			);
			defaultConfigurationIsVisible = 0;
			defaultConfigurationName = Release;
		};
		A9F602F51BCCE4E10008B52D /* Build configuration list for PBXNativeTarget "iTag" */ = {
			isa = XCConfigurationList;
			buildConfigurations = (
				A9F602F61BCCE4E10008B52D /* Debug */,
				A9F602F71BCCE4E10008B52D /* Release */,
			);
			defaultConfigurationIsVisible = 0;
			defaultConfigurationName = Release;
		};
		A9F602F81BCCE4E10008B52D /* Build configuration list for PBXNativeTarget "iTagTests" */ = {
			isa = XCConfigurationList;
			buildConfigurations = (
				A9F602F91BCCE4E10008B52D /* Debug */,
				A9F602FA1BCCE4E10008B52D /* Release */,
			);
			defaultConfigurationIsVisible = 0;
			defaultConfigurationName = Release;
		};
		A9F602FB1BCCE4E10008B52D /* Build configuration list for PBXNativeTarget "iTagUITests" */ = {
			isa = XCConfigurationList;
			buildConfigurations = (
				A9F602FC1BCCE4E10008B52D /* Debug */,
				A9F602FD1BCCE4E10008B52D /* Release */,
			);
			defaultConfigurationIsVisible = 0;
			defaultConfigurationName = Release;
		};
/* End XCConfigurationList section */

/* Begin XCVersionGroup section */
		A9F602D41BCCE4E10008B52D /* iTag.xcdatamodeld */ = {
			isa = XCVersionGroup;
			children = (
				A9F602D51BCCE4E10008B52D /* iTag.xcdatamodel */,
			);
			currentVersion = A9F602D51BCCE4E10008B52D /* iTag.xcdatamodel */;
			path = iTag.xcdatamodeld;
			sourceTree = "<group>";
			versionGroupType = wrapper.xcdatamodel;
		};
/* End XCVersionGroup section */
	};
	rootObject = A9F602BD1BCCE4E10008B52D /* Project object */;
}
